
Microsoft Visual Studio Solution File, Format Version 12.00
# Visual Studio Version 16
VisualStudioVersion = 16.0.32901.82
MinimumVisualStudioVersion = 10.0.40219.1
Project("{FAE04EC0-301F-11D3-BF4B-00C04F79EFBC}") = "Classes_and_Methods_Assign1", "Classes_and_Methods_Assign1\Classes_and_Methods_Assign1.csproj", "{252D969F-FC62-4AC1-A66C-440060F77871}"
EndProject
Global
	GlobalSection(SolutionConfigurationPlatforms) = preSolution
		Debug|Any CPU = Debug|Any CPU
		Release|Any CPU = Release|Any CPU
	EndGlobalSection
	GlobalSection(ProjectConfigurationPlatforms) = postSolution
		{252D969F-FC62-4AC1-A66C-440060F77871}.Debug|Any CPU.ActiveCfg = Debug|Any CPU
		{252D969F-FC62-4AC1-A66C-440060F77871}.Debug|Any CPU.Build.0 = Debug|Any CPU
		{252D969F-FC62-4AC1-A66C-440060F77871}.Release|Any CPU.ActiveCfg = Release|Any CPU
		{252D969F-FC62-4AC1-A66C-440060F77871}.Release|Any CPU.Build.0 = Release|Any CPU
	EndGlobalSection
	GlobalSection(SolutionProperties) = preSolution
		HideSolutionNode = FALSE
	EndGlobalSection
	GlobalSection(ExtensibilityGlobals) = postSolution
		SolutionGuid = {6FE22C8E-66F0-4873-A6E5-15AAE295C28E}
	EndGlobalSection
EndGlobal
