
Microsoft Visual Studio Solution File, Format Version 12.00
# Visual Studio Version 16
VisualStudioVersion = 16.0.32901.82
MinimumVisualStudioVersion = 10.0.40219.1
Project("{FAE04EC0-301F-11D3-BF4B-00C04F79EFBC}") = "CarInsurance", "CarInsurance\CarInsurance.csproj", "{58B50ACF-9CFF-47D6-BA27-347A3543D371}"
EndProject
Global
	GlobalSection(SolutionConfigurationPlatforms) = preSolution
		Debug|Any CPU = Debug|Any CPU
		Release|Any CPU = Release|Any CPU
	EndGlobalSection
	GlobalSection(ProjectConfigurationPlatforms) = postSolution
		{58B50ACF-9CFF-47D6-BA27-347A3543D371}.Debug|Any CPU.ActiveCfg = Debug|Any CPU
		{58B50ACF-9CFF-47D6-BA27-347A3543D371}.Debug|Any CPU.Build.0 = Debug|Any CPU
		{58B50ACF-9CFF-47D6-BA27-347A3543D371}.Release|Any CPU.ActiveCfg = Release|Any CPU
		{58B50ACF-9CFF-47D6-BA27-347A3543D371}.Release|Any CPU.Build.0 = Release|Any CPU
	EndGlobalSection
	GlobalSection(SolutionProperties) = preSolution
		HideSolutionNode = FALSE
	EndGlobalSection
	GlobalSection(ExtensibilityGlobals) = postSolution
		SolutionGuid = {D6378F9B-DC1D-408F-AD31-88BC4F3093D1}
	EndGlobalSection
EndGlobal
