
Microsoft Visual Studio Solution File, Format Version 12.00
# Visual Studio Version 16
VisualStudioVersion = 16.0.32901.82
MinimumVisualStudioVersion = 10.0.40219.1
Project("{FAE04EC0-301F-11D3-BF4B-00C04F79EFBC}") = "Exception_Assignment", "Exception_Assignment\Exception_Assignment.csproj", "{C68FA0B2-AF16-486C-B12B-D55B82B85A46}"
EndProject
Global
	GlobalSection(SolutionConfigurationPlatforms) = preSolution
		Debug|Any CPU = Debug|Any CPU
		Release|Any CPU = Release|Any CPU
	EndGlobalSection
	GlobalSection(ProjectConfigurationPlatforms) = postSolution
		{C68FA0B2-AF16-486C-B12B-D55B82B85A46}.Debug|Any CPU.ActiveCfg = Debug|Any CPU
		{C68FA0B2-AF16-486C-B12B-D55B82B85A46}.Debug|Any CPU.Build.0 = Debug|Any CPU
		{C68FA0B2-AF16-486C-B12B-D55B82B85A46}.Release|Any CPU.ActiveCfg = Release|Any CPU
		{C68FA0B2-AF16-486C-B12B-D55B82B85A46}.Release|Any CPU.Build.0 = Release|Any CPU
	EndGlobalSection
	GlobalSection(SolutionProperties) = preSolution
		HideSolutionNode = FALSE
	EndGlobalSection
	GlobalSection(ExtensibilityGlobals) = postSolution
		SolutionGuid = {0661C7EE-744B-4F1A-B7A2-A3576DD307A1}
	EndGlobalSection
EndGlobal
