
Microsoft Visual Studio Solution File, Format Version 12.00
# Visual Studio Version 16
VisualStudioVersion = 16.0.32901.82
MinimumVisualStudioVersion = 10.0.40219.1
Project("{FAE04EC0-301F-11D3-BF4B-00C04F79EFBC}") = "Structs Assignment", "Structs Assignment\Structs Assignment.csproj", "{C862F0CC-1B1A-401D-980D-A455170393F1}"
EndProject
Global
	GlobalSection(SolutionConfigurationPlatforms) = preSolution
		Debug|Any CPU = Debug|Any CPU
		Release|Any CPU = Release|Any CPU
	EndGlobalSection
	GlobalSection(ProjectConfigurationPlatforms) = postSolution
		{C862F0CC-1B1A-401D-980D-A455170393F1}.Debug|Any CPU.ActiveCfg = Debug|Any CPU
		{C862F0CC-1B1A-401D-980D-A455170393F1}.Debug|Any CPU.Build.0 = Debug|Any CPU
		{C862F0CC-1B1A-401D-980D-A455170393F1}.Release|Any CPU.ActiveCfg = Release|Any CPU
		{C862F0CC-1B1A-401D-980D-A455170393F1}.Release|Any CPU.Build.0 = Release|Any CPU
	EndGlobalSection
	GlobalSection(SolutionProperties) = preSolution
		HideSolutionNode = FALSE
	EndGlobalSection
	GlobalSection(ExtensibilityGlobals) = postSolution
		SolutionGuid = {96879583-D172-4FBA-BBC6-DA58197C11A9}
	EndGlobalSection
EndGlobal
